
Microsoft Visual Studio Solution File, Format Version 12.00
# Visual Studio Version 17
VisualStudioVersion = 17.1.32210.238
MinimumVisualStudioVersion = 10.0.40219.1
Project("{FAE04EC0-301F-11D3-BF4B-00C04F79EFBC}") = "RatujLudzi", "RatujLudzi\RatujLudzi.csproj", "{F378EF0D-034B-4455-8966-55E1022B804B}"
EndProject
Project("{FAE04EC0-301F-11D3-BF4B-00C04F79EFBC}") = "StosowanieDebuggera", "StosowanieDebuggera\StosowanieDebuggera.csproj", "{18C27C78-189D-4030-B3C6-2086EAF0744B}"
EndProject
Project("{FAE04EC0-301F-11D3-BF4B-00C04F79EFBC}") = "SensownyProjekt", "SensownyProjekt\SensownyProjekt.csproj", "{0971355D-7CB5-4949-8F7E-59AB73196DE1}"
EndProject
Project("{FAE04EC0-301F-11D3-BF4B-00C04F79EFBC}") = "ifelseFun", "ifelseFun\ifelseFun.csproj", "{2383B4CD-8923-4799-9A00-56BFD429DC5B}"
EndProject
Project("{9A19103F-16F7-4668-BE54-9A1E7A4F7556}") = "Win - dows forms", "Win - dows forms\Win - dows forms.csproj", "{7F35832D-7FDF-48DD-9A47-4F43BADA29DB}"
EndProject
Project("{9A19103F-16F7-4668-BE54-9A1E7A4F7556}") = "imageForm", "imageForm\imageForm.csproj", "{B5E6B67F-B8FB-41B5-9A06-F3E1B54A87DA}"
EndProject
Project("{9A19103F-16F7-4668-BE54-9A1E7A4F7556}") = "gamerRgb", "gamerRgb\gamerRgb.csproj", "{DA42FF64-2143-4FB8-9D8C-291F4262A180}"
EndProject
Project("{9A19103F-16F7-4668-BE54-9A1E7A4F7556}") = "classFun", "classFun\classFun.csproj", "{0BB1D368-C586-4CE6-BA2A-56CB07A711E6}"
EndProject
Project("{9A19103F-16F7-4668-BE54-9A1E7A4F7556}") = "CashForMen", "CashForMen\CashForMen.csproj", "{AE0E2882-B974-437F-A854-365F9F2C6E36}"
EndProject
Project("{9A19103F-16F7-4668-BE54-9A1E7A4F7556}") = "valueCasting", "valueCasting\valueCasting.csproj", "{5432F271-4794-436E-9C08-5333E4B29BBF}"
EndProject
Project("{9A19103F-16F7-4668-BE54-9A1E7A4F7556}") = "kalkulatorOdleglosci", "kalkulatorOdleglosci\kalkulatorOdleglosci.csproj", "{F0BC111B-2EEA-4975-AB81-92F8C301C7C6}"
EndProject
Project("{9A19103F-16F7-4668-BE54-9A1E7A4F7556}") = "elephantReference", "elephantReference\elephantReference.csproj", "{66F7AFB7-858A-4B32-82B5-127149F6E1C5}"
EndProject
Project("{9A19103F-16F7-4668-BE54-9A1E7A4F7556}") = "niechlujnyJanek", "niechlujnyJanek\niechlujnyJanek.csproj", "{770631BD-2DFF-4615-B53A-67CC8CFACFCD}"
EndProject
Project("{9A19103F-16F7-4668-BE54-9A1E7A4F7556}") = "graWLiterki", "graWLiterki\graWLiterki.csproj", "{40D3842A-D4EF-41E9-9FCA-562FB8815C57}"
EndProject
Project("{9A19103F-16F7-4668-BE54-9A1E7A4F7556}") = "labelLeftRightBounce", "labelLeftRightBounce\labelLeftRightBounce.csproj", "{7070888A-5DB5-40EB-A549-E6DEA604EC45}"
EndProject
Project("{9A19103F-16F7-4668-BE54-9A1E7A4F7556}") = "grayhoundRaceSimulator", "grayhoundRaceSimulator\grayhoundRaceSimulator.csproj", "{DCA925D0-E6EA-4A6E-9DB6-833FF48BE0B4}"
EndProject
Project("{9A19103F-16F7-4668-BE54-9A1E7A4F7556}") = "partyPlanner", "partyPlanner\partyPlanner.csproj", "{D70224D5-4B1D-4B0B-8D4A-6433C606E13B}"
EndProject
Project("{9A19103F-16F7-4668-BE54-9A1E7A4F7556}") = "cowCalculator", "cowCalculator\cowCalculator.csproj", "{7B76C2C8-79C0-4F9D-B78C-8D70D135A350}"
EndProject
Project("{9A19103F-16F7-4668-BE54-9A1E7A4F7556}") = "partyPlanner2", "partyPlanner2\partyPlanner2.csproj", "{9916AF95-E75D-4829-A2AD-976330F80B4E}"
EndProject
Project("{9A19103F-16F7-4668-BE54-9A1E7A4F7556}") = "baseClass", "baseClass\baseClass.csproj", "{BA114379-4F6A-4A38-9408-A5257F0B997C}"
EndProject
Project("{9A19103F-16F7-4668-BE54-9A1E7A4F7556}") = "zbudujemyDom", "zbudujemyDom\zbudujemyDom.csproj", "{8C263391-BF64-450C-B4E1-1B42B6C2BE55}"
EndProject
Project("{FAE04EC0-301F-11D3-BF4B-00C04F79EFBC}") = "hideAndSeek", "hideAndSeek\hideAndSeek.csproj", "{7DF1674A-474A-477F-8574-C2AC5544299B}"
EndProject
Global
	GlobalSection(SolutionConfigurationPlatforms) = preSolution
		Debug|Any CPU = Debug|Any CPU
		Debug|ARM = Debug|ARM
		Debug|ARM64 = Debug|ARM64
		Debug|x64 = Debug|x64
		Debug|x86 = Debug|x86
		Release|Any CPU = Release|Any CPU
		Release|ARM = Release|ARM
		Release|ARM64 = Release|ARM64
		Release|x64 = Release|x64
		Release|x86 = Release|x86
	EndGlobalSection
	GlobalSection(ProjectConfigurationPlatforms) = postSolution
		{F378EF0D-034B-4455-8966-55E1022B804B}.Debug|Any CPU.ActiveCfg = Debug|x64
		{F378EF0D-034B-4455-8966-55E1022B804B}.Debug|Any CPU.Build.0 = Debug|x64
		{F378EF0D-034B-4455-8966-55E1022B804B}.Debug|Any CPU.Deploy.0 = Debug|x64
		{F378EF0D-034B-4455-8966-55E1022B804B}.Debug|ARM.ActiveCfg = Debug|ARM
		{F378EF0D-034B-4455-8966-55E1022B804B}.Debug|ARM.Build.0 = Debug|ARM
		{F378EF0D-034B-4455-8966-55E1022B804B}.Debug|ARM.Deploy.0 = Debug|ARM
		{F378EF0D-034B-4455-8966-55E1022B804B}.Debug|ARM64.ActiveCfg = Debug|ARM64
		{F378EF0D-034B-4455-8966-55E1022B804B}.Debug|ARM64.Build.0 = Debug|ARM64
		{F378EF0D-034B-4455-8966-55E1022B804B}.Debug|ARM64.Deploy.0 = Debug|ARM64
		{F378EF0D-034B-4455-8966-55E1022B804B}.Debug|x64.ActiveCfg = Debug|x64
		{F378EF0D-034B-4455-8966-55E1022B804B}.Debug|x64.Build.0 = Debug|x64
		{F378EF0D-034B-4455-8966-55E1022B804B}.Debug|x64.Deploy.0 = Debug|x64
		{F378EF0D-034B-4455-8966-55E1022B804B}.Debug|x86.ActiveCfg = Debug|x86
		{F378EF0D-034B-4455-8966-55E1022B804B}.Debug|x86.Build.0 = Debug|x86
		{F378EF0D-034B-4455-8966-55E1022B804B}.Debug|x86.Deploy.0 = Debug|x86
		{F378EF0D-034B-4455-8966-55E1022B804B}.Release|Any CPU.ActiveCfg = Release|x64
		{F378EF0D-034B-4455-8966-55E1022B804B}.Release|Any CPU.Build.0 = Release|x64
		{F378EF0D-034B-4455-8966-55E1022B804B}.Release|Any CPU.Deploy.0 = Release|x64
		{F378EF0D-034B-4455-8966-55E1022B804B}.Release|ARM.ActiveCfg = Release|ARM
		{F378EF0D-034B-4455-8966-55E1022B804B}.Release|ARM.Build.0 = Release|ARM
		{F378EF0D-034B-4455-8966-55E1022B804B}.Release|ARM.Deploy.0 = Release|ARM
		{F378EF0D-034B-4455-8966-55E1022B804B}.Release|ARM64.ActiveCfg = Release|ARM64
		{F378EF0D-034B-4455-8966-55E1022B804B}.Release|ARM64.Build.0 = Release|ARM64
		{F378EF0D-034B-4455-8966-55E1022B804B}.Release|ARM64.Deploy.0 = Release|ARM64
		{F378EF0D-034B-4455-8966-55E1022B804B}.Release|x64.ActiveCfg = Release|x64
		{F378EF0D-034B-4455-8966-55E1022B804B}.Release|x64.Build.0 = Release|x64
		{F378EF0D-034B-4455-8966-55E1022B804B}.Release|x64.Deploy.0 = Release|x64
		{F378EF0D-034B-4455-8966-55E1022B804B}.Release|x86.ActiveCfg = Release|x86
		{F378EF0D-034B-4455-8966-55E1022B804B}.Release|x86.Build.0 = Release|x86
		{F378EF0D-034B-4455-8966-55E1022B804B}.Release|x86.Deploy.0 = Release|x86
		{18C27C78-189D-4030-B3C6-2086EAF0744B}.Debug|Any CPU.ActiveCfg = Debug|x64
		{18C27C78-189D-4030-B3C6-2086EAF0744B}.Debug|Any CPU.Build.0 = Debug|x64
		{18C27C78-189D-4030-B3C6-2086EAF0744B}.Debug|Any CPU.Deploy.0 = Debug|x64
		{18C27C78-189D-4030-B3C6-2086EAF0744B}.Debug|ARM.ActiveCfg = Debug|ARM
		{18C27C78-189D-4030-B3C6-2086EAF0744B}.Debug|ARM.Build.0 = Debug|ARM
		{18C27C78-189D-4030-B3C6-2086EAF0744B}.Debug|ARM.Deploy.0 = Debug|ARM
		{18C27C78-189D-4030-B3C6-2086EAF0744B}.Debug|ARM64.ActiveCfg = Debug|ARM64
		{18C27C78-189D-4030-B3C6-2086EAF0744B}.Debug|ARM64.Build.0 = Debug|ARM64
		{18C27C78-189D-4030-B3C6-2086EAF0744B}.Debug|ARM64.Deploy.0 = Debug|ARM64
		{18C27C78-189D-4030-B3C6-2086EAF0744B}.Debug|x64.ActiveCfg = Debug|x64
		{18C27C78-189D-4030-B3C6-2086EAF0744B}.Debug|x64.Build.0 = Debug|x64
		{18C27C78-189D-4030-B3C6-2086EAF0744B}.Debug|x64.Deploy.0 = Debug|x64
		{18C27C78-189D-4030-B3C6-2086EAF0744B}.Debug|x86.ActiveCfg = Debug|x86
		{18C27C78-189D-4030-B3C6-2086EAF0744B}.Debug|x86.Build.0 = Debug|x86
		{18C27C78-189D-4030-B3C6-2086EAF0744B}.Debug|x86.Deploy.0 = Debug|x86
		{18C27C78-189D-4030-B3C6-2086EAF0744B}.Release|Any CPU.ActiveCfg = Release|x64
		{18C27C78-189D-4030-B3C6-2086EAF0744B}.Release|Any CPU.Build.0 = Release|x64
		{18C27C78-189D-4030-B3C6-2086EAF0744B}.Release|Any CPU.Deploy.0 = Release|x64
		{18C27C78-189D-4030-B3C6-2086EAF0744B}.Release|ARM.ActiveCfg = Release|ARM
		{18C27C78-189D-4030-B3C6-2086EAF0744B}.Release|ARM.Build.0 = Release|ARM
		{18C27C78-189D-4030-B3C6-2086EAF0744B}.Release|ARM.Deploy.0 = Release|ARM
		{18C27C78-189D-4030-B3C6-2086EAF0744B}.Release|ARM64.ActiveCfg = Release|ARM64
		{18C27C78-189D-4030-B3C6-2086EAF0744B}.Release|ARM64.Build.0 = Release|ARM64
		{18C27C78-189D-4030-B3C6-2086EAF0744B}.Release|ARM64.Deploy.0 = Release|ARM64
		{18C27C78-189D-4030-B3C6-2086EAF0744B}.Release|x64.ActiveCfg = Release|x64
		{18C27C78-189D-4030-B3C6-2086EAF0744B}.Release|x64.Build.0 = Release|x64
		{18C27C78-189D-4030-B3C6-2086EAF0744B}.Release|x64.Deploy.0 = Release|x64
		{18C27C78-189D-4030-B3C6-2086EAF0744B}.Release|x86.ActiveCfg = Release|x86
		{18C27C78-189D-4030-B3C6-2086EAF0744B}.Release|x86.Build.0 = Release|x86
		{18C27C78-189D-4030-B3C6-2086EAF0744B}.Release|x86.Deploy.0 = Release|x86
		{0971355D-7CB5-4949-8F7E-59AB73196DE1}.Debug|Any CPU.ActiveCfg = Debug|x64
		{0971355D-7CB5-4949-8F7E-59AB73196DE1}.Debug|Any CPU.Build.0 = Debug|x64
		{0971355D-7CB5-4949-8F7E-59AB73196DE1}.Debug|Any CPU.Deploy.0 = Debug|x64
		{0971355D-7CB5-4949-8F7E-59AB73196DE1}.Debug|ARM.ActiveCfg = Debug|ARM
		{0971355D-7CB5-4949-8F7E-59AB73196DE1}.Debug|ARM.Build.0 = Debug|ARM
		{0971355D-7CB5-4949-8F7E-59AB73196DE1}.Debug|ARM.Deploy.0 = Debug|ARM
		{0971355D-7CB5-4949-8F7E-59AB73196DE1}.Debug|ARM64.ActiveCfg = Debug|ARM64
		{0971355D-7CB5-4949-8F7E-59AB73196DE1}.Debug|ARM64.Build.0 = Debug|ARM64
		{0971355D-7CB5-4949-8F7E-59AB73196DE1}.Debug|ARM64.Deploy.0 = Debug|ARM64
		{0971355D-7CB5-4949-8F7E-59AB73196DE1}.Debug|x64.ActiveCfg = Debug|x64
		{0971355D-7CB5-4949-8F7E-59AB73196DE1}.Debug|x64.Build.0 = Debug|x64
		{0971355D-7CB5-4949-8F7E-59AB73196DE1}.Debug|x64.Deploy.0 = Debug|x64
		{0971355D-7CB5-4949-8F7E-59AB73196DE1}.Debug|x86.ActiveCfg = Debug|x86
		{0971355D-7CB5-4949-8F7E-59AB73196DE1}.Debug|x86.Build.0 = Debug|x86
		{0971355D-7CB5-4949-8F7E-59AB73196DE1}.Debug|x86.Deploy.0 = Debug|x86
		{0971355D-7CB5-4949-8F7E-59AB73196DE1}.Release|Any CPU.ActiveCfg = Release|x64
		{0971355D-7CB5-4949-8F7E-59AB73196DE1}.Release|Any CPU.Build.0 = Release|x64
		{0971355D-7CB5-4949-8F7E-59AB73196DE1}.Release|Any CPU.Deploy.0 = Release|x64
		{0971355D-7CB5-4949-8F7E-59AB73196DE1}.Release|ARM.ActiveCfg = Release|ARM
		{0971355D-7CB5-4949-8F7E-59AB73196DE1}.Release|ARM.Build.0 = Release|ARM
		{0971355D-7CB5-4949-8F7E-59AB73196DE1}.Release|ARM.Deploy.0 = Release|ARM
		{0971355D-7CB5-4949-8F7E-59AB73196DE1}.Release|ARM64.ActiveCfg = Release|ARM64
		{0971355D-7CB5-4949-8F7E-59AB73196DE1}.Release|ARM64.Build.0 = Release|ARM64
		{0971355D-7CB5-4949-8F7E-59AB73196DE1}.Release|ARM64.Deploy.0 = Release|ARM64
		{0971355D-7CB5-4949-8F7E-59AB73196DE1}.Release|x64.ActiveCfg = Release|x64
		{0971355D-7CB5-4949-8F7E-59AB73196DE1}.Release|x64.Build.0 = Release|x64
		{0971355D-7CB5-4949-8F7E-59AB73196DE1}.Release|x64.Deploy.0 = Release|x64
		{0971355D-7CB5-4949-8F7E-59AB73196DE1}.Release|x86.ActiveCfg = Release|x86
		{0971355D-7CB5-4949-8F7E-59AB73196DE1}.Release|x86.Build.0 = Release|x86
		{0971355D-7CB5-4949-8F7E-59AB73196DE1}.Release|x86.Deploy.0 = Release|x86
		{2383B4CD-8923-4799-9A00-56BFD429DC5B}.Debug|Any CPU.ActiveCfg = Debug|x64
		{2383B4CD-8923-4799-9A00-56BFD429DC5B}.Debug|Any CPU.Build.0 = Debug|x64
		{2383B4CD-8923-4799-9A00-56BFD429DC5B}.Debug|Any CPU.Deploy.0 = Debug|x64
		{2383B4CD-8923-4799-9A00-56BFD429DC5B}.Debug|ARM.ActiveCfg = Debug|ARM
		{2383B4CD-8923-4799-9A00-56BFD429DC5B}.Debug|ARM.Build.0 = Debug|ARM
		{2383B4CD-8923-4799-9A00-56BFD429DC5B}.Debug|ARM.Deploy.0 = Debug|ARM
		{2383B4CD-8923-4799-9A00-56BFD429DC5B}.Debug|ARM64.ActiveCfg = Debug|ARM64
		{2383B4CD-8923-4799-9A00-56BFD429DC5B}.Debug|ARM64.Build.0 = Debug|ARM64
		{2383B4CD-8923-4799-9A00-56BFD429DC5B}.Debug|ARM64.Deploy.0 = Debug|ARM64
		{2383B4CD-8923-4799-9A00-56BFD429DC5B}.Debug|x64.ActiveCfg = Debug|x64
		{2383B4CD-8923-4799-9A00-56BFD429DC5B}.Debug|x64.Build.0 = Debug|x64
		{2383B4CD-8923-4799-9A00-56BFD429DC5B}.Debug|x64.Deploy.0 = Debug|x64
		{2383B4CD-8923-4799-9A00-56BFD429DC5B}.Debug|x86.ActiveCfg = Debug|x86
		{2383B4CD-8923-4799-9A00-56BFD429DC5B}.Debug|x86.Build.0 = Debug|x86
		{2383B4CD-8923-4799-9A00-56BFD429DC5B}.Debug|x86.Deploy.0 = Debug|x86
		{2383B4CD-8923-4799-9A00-56BFD429DC5B}.Release|Any CPU.ActiveCfg = Release|x64
		{2383B4CD-8923-4799-9A00-56BFD429DC5B}.Release|Any CPU.Build.0 = Release|x64
		{2383B4CD-8923-4799-9A00-56BFD429DC5B}.Release|Any CPU.Deploy.0 = Release|x64
		{2383B4CD-8923-4799-9A00-56BFD429DC5B}.Release|ARM.ActiveCfg = Release|ARM
		{2383B4CD-8923-4799-9A00-56BFD429DC5B}.Release|ARM.Build.0 = Release|ARM
		{2383B4CD-8923-4799-9A00-56BFD429DC5B}.Release|ARM.Deploy.0 = Release|ARM
		{2383B4CD-8923-4799-9A00-56BFD429DC5B}.Release|ARM64.ActiveCfg = Release|ARM64
		{2383B4CD-8923-4799-9A00-56BFD429DC5B}.Release|ARM64.Build.0 = Release|ARM64
		{2383B4CD-8923-4799-9A00-56BFD429DC5B}.Release|ARM64.Deploy.0 = Release|ARM64
		{2383B4CD-8923-4799-9A00-56BFD429DC5B}.Release|x64.ActiveCfg = Release|x64
		{2383B4CD-8923-4799-9A00-56BFD429DC5B}.Release|x64.Build.0 = Release|x64
		{2383B4CD-8923-4799-9A00-56BFD429DC5B}.Release|x64.Deploy.0 = Release|x64
		{2383B4CD-8923-4799-9A00-56BFD429DC5B}.Release|x86.ActiveCfg = Release|x86
		{2383B4CD-8923-4799-9A00-56BFD429DC5B}.Release|x86.Build.0 = Release|x86
		{2383B4CD-8923-4799-9A00-56BFD429DC5B}.Release|x86.Deploy.0 = Release|x86
		{7F35832D-7FDF-48DD-9A47-4F43BADA29DB}.Debug|Any CPU.ActiveCfg = Debug|Any CPU
		{7F35832D-7FDF-48DD-9A47-4F43BADA29DB}.Debug|Any CPU.Build.0 = Debug|Any CPU
		{7F35832D-7FDF-48DD-9A47-4F43BADA29DB}.Debug|ARM.ActiveCfg = Debug|Any CPU
		{7F35832D-7FDF-48DD-9A47-4F43BADA29DB}.Debug|ARM.Build.0 = Debug|Any CPU
		{7F35832D-7FDF-48DD-9A47-4F43BADA29DB}.Debug|ARM64.ActiveCfg = Debug|Any CPU
		{7F35832D-7FDF-48DD-9A47-4F43BADA29DB}.Debug|ARM64.Build.0 = Debug|Any CPU
		{7F35832D-7FDF-48DD-9A47-4F43BADA29DB}.Debug|x64.ActiveCfg = Debug|Any CPU
		{7F35832D-7FDF-48DD-9A47-4F43BADA29DB}.Debug|x64.Build.0 = Debug|Any CPU
		{7F35832D-7FDF-48DD-9A47-4F43BADA29DB}.Debug|x86.ActiveCfg = Debug|Any CPU
		{7F35832D-7FDF-48DD-9A47-4F43BADA29DB}.Debug|x86.Build.0 = Debug|Any CPU
		{7F35832D-7FDF-48DD-9A47-4F43BADA29DB}.Release|Any CPU.ActiveCfg = Release|Any CPU
		{7F35832D-7FDF-48DD-9A47-4F43BADA29DB}.Release|Any CPU.Build.0 = Release|Any CPU
		{7F35832D-7FDF-48DD-9A47-4F43BADA29DB}.Release|ARM.ActiveCfg = Release|Any CPU
		{7F35832D-7FDF-48DD-9A47-4F43BADA29DB}.Release|ARM.Build.0 = Release|Any CPU
		{7F35832D-7FDF-48DD-9A47-4F43BADA29DB}.Release|ARM64.ActiveCfg = Release|Any CPU
		{7F35832D-7FDF-48DD-9A47-4F43BADA29DB}.Release|ARM64.Build.0 = Release|Any CPU
		{7F35832D-7FDF-48DD-9A47-4F43BADA29DB}.Release|x64.ActiveCfg = Release|Any CPU
		{7F35832D-7FDF-48DD-9A47-4F43BADA29DB}.Release|x64.Build.0 = Release|Any CPU
		{7F35832D-7FDF-48DD-9A47-4F43BADA29DB}.Release|x86.ActiveCfg = Release|Any CPU
		{7F35832D-7FDF-48DD-9A47-4F43BADA29DB}.Release|x86.Build.0 = Release|Any CPU
		{B5E6B67F-B8FB-41B5-9A06-F3E1B54A87DA}.Debug|Any CPU.ActiveCfg = Debug|Any CPU
		{B5E6B67F-B8FB-41B5-9A06-F3E1B54A87DA}.Debug|Any CPU.Build.0 = Debug|Any CPU
		{B5E6B67F-B8FB-41B5-9A06-F3E1B54A87DA}.Debug|ARM.ActiveCfg = Debug|Any CPU
		{B5E6B67F-B8FB-41B5-9A06-F3E1B54A87DA}.Debug|ARM.Build.0 = Debug|Any CPU
		{B5E6B67F-B8FB-41B5-9A06-F3E1B54A87DA}.Debug|ARM64.ActiveCfg = Debug|Any CPU
		{B5E6B67F-B8FB-41B5-9A06-F3E1B54A87DA}.Debug|ARM64.Build.0 = Debug|Any CPU
		{B5E6B67F-B8FB-41B5-9A06-F3E1B54A87DA}.Debug|x64.ActiveCfg = Debug|Any CPU
		{B5E6B67F-B8FB-41B5-9A06-F3E1B54A87DA}.Debug|x64.Build.0 = Debug|Any CPU
		{B5E6B67F-B8FB-41B5-9A06-F3E1B54A87DA}.Debug|x86.ActiveCfg = Debug|Any CPU
		{B5E6B67F-B8FB-41B5-9A06-F3E1B54A87DA}.Debug|x86.Build.0 = Debug|Any CPU
		{B5E6B67F-B8FB-41B5-9A06-F3E1B54A87DA}.Release|Any CPU.ActiveCfg = Release|Any CPU
		{B5E6B67F-B8FB-41B5-9A06-F3E1B54A87DA}.Release|Any CPU.Build.0 = Release|Any CPU
		{B5E6B67F-B8FB-41B5-9A06-F3E1B54A87DA}.Release|ARM.ActiveCfg = Release|Any CPU
		{B5E6B67F-B8FB-41B5-9A06-F3E1B54A87DA}.Release|ARM.Build.0 = Release|Any CPU
		{B5E6B67F-B8FB-41B5-9A06-F3E1B54A87DA}.Release|ARM64.ActiveCfg = Release|Any CPU
		{B5E6B67F-B8FB-41B5-9A06-F3E1B54A87DA}.Release|ARM64.Build.0 = Release|Any CPU
		{B5E6B67F-B8FB-41B5-9A06-F3E1B54A87DA}.Release|x64.ActiveCfg = Release|Any CPU
		{B5E6B67F-B8FB-41B5-9A06-F3E1B54A87DA}.Release|x64.Build.0 = Release|Any CPU
		{B5E6B67F-B8FB-41B5-9A06-F3E1B54A87DA}.Release|x86.ActiveCfg = Release|Any CPU
		{B5E6B67F-B8FB-41B5-9A06-F3E1B54A87DA}.Release|x86.Build.0 = Release|Any CPU
		{DA42FF64-2143-4FB8-9D8C-291F4262A180}.Debug|Any CPU.ActiveCfg = Debug|Any CPU
		{DA42FF64-2143-4FB8-9D8C-291F4262A180}.Debug|Any CPU.Build.0 = Debug|Any CPU
		{DA42FF64-2143-4FB8-9D8C-291F4262A180}.Debug|ARM.ActiveCfg = Debug|Any CPU
		{DA42FF64-2143-4FB8-9D8C-291F4262A180}.Debug|ARM.Build.0 = Debug|Any CPU
		{DA42FF64-2143-4FB8-9D8C-291F4262A180}.Debug|ARM64.ActiveCfg = Debug|Any CPU
		{DA42FF64-2143-4FB8-9D8C-291F4262A180}.Debug|ARM64.Build.0 = Debug|Any CPU
		{DA42FF64-2143-4FB8-9D8C-291F4262A180}.Debug|x64.ActiveCfg = Debug|Any CPU
		{DA42FF64-2143-4FB8-9D8C-291F4262A180}.Debug|x64.Build.0 = Debug|Any CPU
		{DA42FF64-2143-4FB8-9D8C-291F4262A180}.Debug|x86.ActiveCfg = Debug|Any CPU
		{DA42FF64-2143-4FB8-9D8C-291F4262A180}.Debug|x86.Build.0 = Debug|Any CPU
		{DA42FF64-2143-4FB8-9D8C-291F4262A180}.Release|Any CPU.ActiveCfg = Release|Any CPU
		{DA42FF64-2143-4FB8-9D8C-291F4262A180}.Release|Any CPU.Build.0 = Release|Any CPU
		{DA42FF64-2143-4FB8-9D8C-291F4262A180}.Release|ARM.ActiveCfg = Release|Any CPU
		{DA42FF64-2143-4FB8-9D8C-291F4262A180}.Release|ARM.Build.0 = Release|Any CPU
		{DA42FF64-2143-4FB8-9D8C-291F4262A180}.Release|ARM64.ActiveCfg = Release|Any CPU
		{DA42FF64-2143-4FB8-9D8C-291F4262A180}.Release|ARM64.Build.0 = Release|Any CPU
		{DA42FF64-2143-4FB8-9D8C-291F4262A180}.Release|x64.ActiveCfg = Release|Any CPU
		{DA42FF64-2143-4FB8-9D8C-291F4262A180}.Release|x64.Build.0 = Release|Any CPU
		{DA42FF64-2143-4FB8-9D8C-291F4262A180}.Release|x86.ActiveCfg = Release|Any CPU
		{DA42FF64-2143-4FB8-9D8C-291F4262A180}.Release|x86.Build.0 = Release|Any CPU
		{0BB1D368-C586-4CE6-BA2A-56CB07A711E6}.Debug|Any CPU.ActiveCfg = Debug|Any CPU
		{0BB1D368-C586-4CE6-BA2A-56CB07A711E6}.Debug|Any CPU.Build.0 = Debug|Any CPU
		{0BB1D368-C586-4CE6-BA2A-56CB07A711E6}.Debug|ARM.ActiveCfg = Debug|Any CPU
		{0BB1D368-C586-4CE6-BA2A-56CB07A711E6}.Debug|ARM.Build.0 = Debug|Any CPU
		{0BB1D368-C586-4CE6-BA2A-56CB07A711E6}.Debug|ARM64.ActiveCfg = Debug|Any CPU
		{0BB1D368-C586-4CE6-BA2A-56CB07A711E6}.Debug|ARM64.Build.0 = Debug|Any CPU
		{0BB1D368-C586-4CE6-BA2A-56CB07A711E6}.Debug|x64.ActiveCfg = Debug|Any CPU
		{0BB1D368-C586-4CE6-BA2A-56CB07A711E6}.Debug|x64.Build.0 = Debug|Any CPU
		{0BB1D368-C586-4CE6-BA2A-56CB07A711E6}.Debug|x86.ActiveCfg = Debug|Any CPU
		{0BB1D368-C586-4CE6-BA2A-56CB07A711E6}.Debug|x86.Build.0 = Debug|Any CPU
		{0BB1D368-C586-4CE6-BA2A-56CB07A711E6}.Release|Any CPU.ActiveCfg = Release|Any CPU
		{0BB1D368-C586-4CE6-BA2A-56CB07A711E6}.Release|Any CPU.Build.0 = Release|Any CPU
		{0BB1D368-C586-4CE6-BA2A-56CB07A711E6}.Release|ARM.ActiveCfg = Release|Any CPU
		{0BB1D368-C586-4CE6-BA2A-56CB07A711E6}.Release|ARM.Build.0 = Release|Any CPU
		{0BB1D368-C586-4CE6-BA2A-56CB07A711E6}.Release|ARM64.ActiveCfg = Release|Any CPU
		{0BB1D368-C586-4CE6-BA2A-56CB07A711E6}.Release|ARM64.Build.0 = Release|Any CPU
		{0BB1D368-C586-4CE6-BA2A-56CB07A711E6}.Release|x64.ActiveCfg = Release|Any CPU
		{0BB1D368-C586-4CE6-BA2A-56CB07A711E6}.Release|x64.Build.0 = Release|Any CPU
		{0BB1D368-C586-4CE6-BA2A-56CB07A711E6}.Release|x86.ActiveCfg = Release|Any CPU
		{0BB1D368-C586-4CE6-BA2A-56CB07A711E6}.Release|x86.Build.0 = Release|Any CPU
		{AE0E2882-B974-437F-A854-365F9F2C6E36}.Debug|Any CPU.ActiveCfg = Debug|Any CPU
		{AE0E2882-B974-437F-A854-365F9F2C6E36}.Debug|Any CPU.Build.0 = Debug|Any CPU
		{AE0E2882-B974-437F-A854-365F9F2C6E36}.Debug|ARM.ActiveCfg = Debug|Any CPU
		{AE0E2882-B974-437F-A854-365F9F2C6E36}.Debug|ARM.Build.0 = Debug|Any CPU
		{AE0E2882-B974-437F-A854-365F9F2C6E36}.Debug|ARM64.ActiveCfg = Debug|Any CPU
		{AE0E2882-B974-437F-A854-365F9F2C6E36}.Debug|ARM64.Build.0 = Debug|Any CPU
		{AE0E2882-B974-437F-A854-365F9F2C6E36}.Debug|x64.ActiveCfg = Debug|Any CPU
		{AE0E2882-B974-437F-A854-365F9F2C6E36}.Debug|x64.Build.0 = Debug|Any CPU
		{AE0E2882-B974-437F-A854-365F9F2C6E36}.Debug|x86.ActiveCfg = Debug|Any CPU
		{AE0E2882-B974-437F-A854-365F9F2C6E36}.Debug|x86.Build.0 = Debug|Any CPU
		{AE0E2882-B974-437F-A854-365F9F2C6E36}.Release|Any CPU.ActiveCfg = Release|Any CPU
		{AE0E2882-B974-437F-A854-365F9F2C6E36}.Release|Any CPU.Build.0 = Release|Any CPU
		{AE0E2882-B974-437F-A854-365F9F2C6E36}.Release|ARM.ActiveCfg = Release|Any CPU
		{AE0E2882-B974-437F-A854-365F9F2C6E36}.Release|ARM.Build.0 = Release|Any CPU
		{AE0E2882-B974-437F-A854-365F9F2C6E36}.Release|ARM64.ActiveCfg = Release|Any CPU
		{AE0E2882-B974-437F-A854-365F9F2C6E36}.Release|ARM64.Build.0 = Release|Any CPU
		{AE0E2882-B974-437F-A854-365F9F2C6E36}.Release|x64.ActiveCfg = Release|Any CPU
		{AE0E2882-B974-437F-A854-365F9F2C6E36}.Release|x64.Build.0 = Release|Any CPU
		{AE0E2882-B974-437F-A854-365F9F2C6E36}.Release|x86.ActiveCfg = Release|Any CPU
		{AE0E2882-B974-437F-A854-365F9F2C6E36}.Release|x86.Build.0 = Release|Any CPU
		{5432F271-4794-436E-9C08-5333E4B29BBF}.Debug|Any CPU.ActiveCfg = Debug|Any CPU
		{5432F271-4794-436E-9C08-5333E4B29BBF}.Debug|Any CPU.Build.0 = Debug|Any CPU
		{5432F271-4794-436E-9C08-5333E4B29BBF}.Debug|ARM.ActiveCfg = Debug|Any CPU
		{5432F271-4794-436E-9C08-5333E4B29BBF}.Debug|ARM.Build.0 = Debug|Any CPU
		{5432F271-4794-436E-9C08-5333E4B29BBF}.Debug|ARM64.ActiveCfg = Debug|Any CPU
		{5432F271-4794-436E-9C08-5333E4B29BBF}.Debug|ARM64.Build.0 = Debug|Any CPU
		{5432F271-4794-436E-9C08-5333E4B29BBF}.Debug|x64.ActiveCfg = Debug|Any CPU
		{5432F271-4794-436E-9C08-5333E4B29BBF}.Debug|x64.Build.0 = Debug|Any CPU
		{5432F271-4794-436E-9C08-5333E4B29BBF}.Debug|x86.ActiveCfg = Debug|Any CPU
		{5432F271-4794-436E-9C08-5333E4B29BBF}.Debug|x86.Build.0 = Debug|Any CPU
		{5432F271-4794-436E-9C08-5333E4B29BBF}.Release|Any CPU.ActiveCfg = Release|Any CPU
		{5432F271-4794-436E-9C08-5333E4B29BBF}.Release|Any CPU.Build.0 = Release|Any CPU
		{5432F271-4794-436E-9C08-5333E4B29BBF}.Release|ARM.ActiveCfg = Release|Any CPU
		{5432F271-4794-436E-9C08-5333E4B29BBF}.Release|ARM.Build.0 = Release|Any CPU
		{5432F271-4794-436E-9C08-5333E4B29BBF}.Release|ARM64.ActiveCfg = Release|Any CPU
		{5432F271-4794-436E-9C08-5333E4B29BBF}.Release|ARM64.Build.0 = Release|Any CPU
		{5432F271-4794-436E-9C08-5333E4B29BBF}.Release|x64.ActiveCfg = Release|Any CPU
		{5432F271-4794-436E-9C08-5333E4B29BBF}.Release|x64.Build.0 = Release|Any CPU
		{5432F271-4794-436E-9C08-5333E4B29BBF}.Release|x86.ActiveCfg = Release|Any CPU
		{5432F271-4794-436E-9C08-5333E4B29BBF}.Release|x86.Build.0 = Release|Any CPU
		{F0BC111B-2EEA-4975-AB81-92F8C301C7C6}.Debug|Any CPU.ActiveCfg = Debug|Any CPU
		{F0BC111B-2EEA-4975-AB81-92F8C301C7C6}.Debug|Any CPU.Build.0 = Debug|Any CPU
		{F0BC111B-2EEA-4975-AB81-92F8C301C7C6}.Debug|ARM.ActiveCfg = Debug|Any CPU
		{F0BC111B-2EEA-4975-AB81-92F8C301C7C6}.Debug|ARM.Build.0 = Debug|Any CPU
		{F0BC111B-2EEA-4975-AB81-92F8C301C7C6}.Debug|ARM64.ActiveCfg = Debug|Any CPU
		{F0BC111B-2EEA-4975-AB81-92F8C301C7C6}.Debug|ARM64.Build.0 = Debug|Any CPU
		{F0BC111B-2EEA-4975-AB81-92F8C301C7C6}.Debug|x64.ActiveCfg = Debug|Any CPU
		{F0BC111B-2EEA-4975-AB81-92F8C301C7C6}.Debug|x64.Build.0 = Debug|Any CPU
		{F0BC111B-2EEA-4975-AB81-92F8C301C7C6}.Debug|x86.ActiveCfg = Debug|Any CPU
		{F0BC111B-2EEA-4975-AB81-92F8C301C7C6}.Debug|x86.Build.0 = Debug|Any CPU
		{F0BC111B-2EEA-4975-AB81-92F8C301C7C6}.Release|Any CPU.ActiveCfg = Release|Any CPU
		{F0BC111B-2EEA-4975-AB81-92F8C301C7C6}.Release|Any CPU.Build.0 = Release|Any CPU
		{F0BC111B-2EEA-4975-AB81-92F8C301C7C6}.Release|ARM.ActiveCfg = Release|Any CPU
		{F0BC111B-2EEA-4975-AB81-92F8C301C7C6}.Release|ARM.Build.0 = Release|Any CPU
		{F0BC111B-2EEA-4975-AB81-92F8C301C7C6}.Release|ARM64.ActiveCfg = Release|Any CPU
		{F0BC111B-2EEA-4975-AB81-92F8C301C7C6}.Release|ARM64.Build.0 = Release|Any CPU
		{F0BC111B-2EEA-4975-AB81-92F8C301C7C6}.Release|x64.ActiveCfg = Release|Any CPU
		{F0BC111B-2EEA-4975-AB81-92F8C301C7C6}.Release|x64.Build.0 = Release|Any CPU
		{F0BC111B-2EEA-4975-AB81-92F8C301C7C6}.Release|x86.ActiveCfg = Release|Any CPU
		{F0BC111B-2EEA-4975-AB81-92F8C301C7C6}.Release|x86.Build.0 = Release|Any CPU
		{66F7AFB7-858A-4B32-82B5-127149F6E1C5}.Debug|Any CPU.ActiveCfg = Debug|Any CPU
		{66F7AFB7-858A-4B32-82B5-127149F6E1C5}.Debug|Any CPU.Build.0 = Debug|Any CPU
		{66F7AFB7-858A-4B32-82B5-127149F6E1C5}.Debug|ARM.ActiveCfg = Debug|Any CPU
		{66F7AFB7-858A-4B32-82B5-127149F6E1C5}.Debug|ARM.Build.0 = Debug|Any CPU
		{66F7AFB7-858A-4B32-82B5-127149F6E1C5}.Debug|ARM64.ActiveCfg = Debug|Any CPU
		{66F7AFB7-858A-4B32-82B5-127149F6E1C5}.Debug|ARM64.Build.0 = Debug|Any CPU
		{66F7AFB7-858A-4B32-82B5-127149F6E1C5}.Debug|x64.ActiveCfg = Debug|Any CPU
		{66F7AFB7-858A-4B32-82B5-127149F6E1C5}.Debug|x64.Build.0 = Debug|Any CPU
		{66F7AFB7-858A-4B32-82B5-127149F6E1C5}.Debug|x86.ActiveCfg = Debug|Any CPU
		{66F7AFB7-858A-4B32-82B5-127149F6E1C5}.Debug|x86.Build.0 = Debug|Any CPU
		{66F7AFB7-858A-4B32-82B5-127149F6E1C5}.Release|Any CPU.ActiveCfg = Release|Any CPU
		{66F7AFB7-858A-4B32-82B5-127149F6E1C5}.Release|Any CPU.Build.0 = Release|Any CPU
		{66F7AFB7-858A-4B32-82B5-127149F6E1C5}.Release|ARM.ActiveCfg = Release|Any CPU
		{66F7AFB7-858A-4B32-82B5-127149F6E1C5}.Release|ARM.Build.0 = Release|Any CPU
		{66F7AFB7-858A-4B32-82B5-127149F6E1C5}.Release|ARM64.ActiveCfg = Release|Any CPU
		{66F7AFB7-858A-4B32-82B5-127149F6E1C5}.Release|ARM64.Build.0 = Release|Any CPU
		{66F7AFB7-858A-4B32-82B5-127149F6E1C5}.Release|x64.ActiveCfg = Release|Any CPU
		{66F7AFB7-858A-4B32-82B5-127149F6E1C5}.Release|x64.Build.0 = Release|Any CPU
		{66F7AFB7-858A-4B32-82B5-127149F6E1C5}.Release|x86.ActiveCfg = Release|Any CPU
		{66F7AFB7-858A-4B32-82B5-127149F6E1C5}.Release|x86.Build.0 = Release|Any CPU
		{770631BD-2DFF-4615-B53A-67CC8CFACFCD}.Debug|Any CPU.ActiveCfg = Debug|Any CPU
		{770631BD-2DFF-4615-B53A-67CC8CFACFCD}.Debug|Any CPU.Build.0 = Debug|Any CPU
		{770631BD-2DFF-4615-B53A-67CC8CFACFCD}.Debug|ARM.ActiveCfg = Debug|Any CPU
		{770631BD-2DFF-4615-B53A-67CC8CFACFCD}.Debug|ARM.Build.0 = Debug|Any CPU
		{770631BD-2DFF-4615-B53A-67CC8CFACFCD}.Debug|ARM64.ActiveCfg = Debug|Any CPU
		{770631BD-2DFF-4615-B53A-67CC8CFACFCD}.Debug|ARM64.Build.0 = Debug|Any CPU
		{770631BD-2DFF-4615-B53A-67CC8CFACFCD}.Debug|x64.ActiveCfg = Debug|Any CPU
		{770631BD-2DFF-4615-B53A-67CC8CFACFCD}.Debug|x64.Build.0 = Debug|Any CPU
		{770631BD-2DFF-4615-B53A-67CC8CFACFCD}.Debug|x86.ActiveCfg = Debug|Any CPU
		{770631BD-2DFF-4615-B53A-67CC8CFACFCD}.Debug|x86.Build.0 = Debug|Any CPU
		{770631BD-2DFF-4615-B53A-67CC8CFACFCD}.Release|Any CPU.ActiveCfg = Release|Any CPU
		{770631BD-2DFF-4615-B53A-67CC8CFACFCD}.Release|Any CPU.Build.0 = Release|Any CPU
		{770631BD-2DFF-4615-B53A-67CC8CFACFCD}.Release|ARM.ActiveCfg = Release|Any CPU
		{770631BD-2DFF-4615-B53A-67CC8CFACFCD}.Release|ARM.Build.0 = Release|Any CPU
		{770631BD-2DFF-4615-B53A-67CC8CFACFCD}.Release|ARM64.ActiveCfg = Release|Any CPU
		{770631BD-2DFF-4615-B53A-67CC8CFACFCD}.Release|ARM64.Build.0 = Release|Any CPU
		{770631BD-2DFF-4615-B53A-67CC8CFACFCD}.Release|x64.ActiveCfg = Release|Any CPU
		{770631BD-2DFF-4615-B53A-67CC8CFACFCD}.Release|x64.Build.0 = Release|Any CPU
		{770631BD-2DFF-4615-B53A-67CC8CFACFCD}.Release|x86.ActiveCfg = Release|Any CPU
		{770631BD-2DFF-4615-B53A-67CC8CFACFCD}.Release|x86.Build.0 = Release|Any CPU
		{40D3842A-D4EF-41E9-9FCA-562FB8815C57}.Debug|Any CPU.ActiveCfg = Debug|Any CPU
		{40D3842A-D4EF-41E9-9FCA-562FB8815C57}.Debug|Any CPU.Build.0 = Debug|Any CPU
		{40D3842A-D4EF-41E9-9FCA-562FB8815C57}.Debug|ARM.ActiveCfg = Debug|Any CPU
		{40D3842A-D4EF-41E9-9FCA-562FB8815C57}.Debug|ARM.Build.0 = Debug|Any CPU
		{40D3842A-D4EF-41E9-9FCA-562FB8815C57}.Debug|ARM64.ActiveCfg = Debug|Any CPU
		{40D3842A-D4EF-41E9-9FCA-562FB8815C57}.Debug|ARM64.Build.0 = Debug|Any CPU
		{40D3842A-D4EF-41E9-9FCA-562FB8815C57}.Debug|x64.ActiveCfg = Debug|Any CPU
		{40D3842A-D4EF-41E9-9FCA-562FB8815C57}.Debug|x64.Build.0 = Debug|Any CPU
		{40D3842A-D4EF-41E9-9FCA-562FB8815C57}.Debug|x86.ActiveCfg = Debug|Any CPU
		{40D3842A-D4EF-41E9-9FCA-562FB8815C57}.Debug|x86.Build.0 = Debug|Any CPU
		{40D3842A-D4EF-41E9-9FCA-562FB8815C57}.Release|Any CPU.ActiveCfg = Release|Any CPU
		{40D3842A-D4EF-41E9-9FCA-562FB8815C57}.Release|Any CPU.Build.0 = Release|Any CPU
		{40D3842A-D4EF-41E9-9FCA-562FB8815C57}.Release|ARM.ActiveCfg = Release|Any CPU
		{40D3842A-D4EF-41E9-9FCA-562FB8815C57}.Release|ARM.Build.0 = Release|Any CPU
		{40D3842A-D4EF-41E9-9FCA-562FB8815C57}.Release|ARM64.ActiveCfg = Release|Any CPU
		{40D3842A-D4EF-41E9-9FCA-562FB8815C57}.Release|ARM64.Build.0 = Release|Any CPU
		{40D3842A-D4EF-41E9-9FCA-562FB8815C57}.Release|x64.ActiveCfg = Release|Any CPU
		{40D3842A-D4EF-41E9-9FCA-562FB8815C57}.Release|x64.Build.0 = Release|Any CPU
		{40D3842A-D4EF-41E9-9FCA-562FB8815C57}.Release|x86.ActiveCfg = Release|Any CPU
		{40D3842A-D4EF-41E9-9FCA-562FB8815C57}.Release|x86.Build.0 = Release|Any CPU
		{7070888A-5DB5-40EB-A549-E6DEA604EC45}.Debug|Any CPU.ActiveCfg = Debug|Any CPU
		{7070888A-5DB5-40EB-A549-E6DEA604EC45}.Debug|Any CPU.Build.0 = Debug|Any CPU
		{7070888A-5DB5-40EB-A549-E6DEA604EC45}.Debug|ARM.ActiveCfg = Debug|Any CPU
		{7070888A-5DB5-40EB-A549-E6DEA604EC45}.Debug|ARM.Build.0 = Debug|Any CPU
		{7070888A-5DB5-40EB-A549-E6DEA604EC45}.Debug|ARM64.ActiveCfg = Debug|Any CPU
		{7070888A-5DB5-40EB-A549-E6DEA604EC45}.Debug|ARM64.Build.0 = Debug|Any CPU
		{7070888A-5DB5-40EB-A549-E6DEA604EC45}.Debug|x64.ActiveCfg = Debug|Any CPU
		{7070888A-5DB5-40EB-A549-E6DEA604EC45}.Debug|x64.Build.0 = Debug|Any CPU
		{7070888A-5DB5-40EB-A549-E6DEA604EC45}.Debug|x86.ActiveCfg = Debug|Any CPU
		{7070888A-5DB5-40EB-A549-E6DEA604EC45}.Debug|x86.Build.0 = Debug|Any CPU
		{7070888A-5DB5-40EB-A549-E6DEA604EC45}.Release|Any CPU.ActiveCfg = Release|Any CPU
		{7070888A-5DB5-40EB-A549-E6DEA604EC45}.Release|Any CPU.Build.0 = Release|Any CPU
		{7070888A-5DB5-40EB-A549-E6DEA604EC45}.Release|ARM.ActiveCfg = Release|Any CPU
		{7070888A-5DB5-40EB-A549-E6DEA604EC45}.Release|ARM.Build.0 = Release|Any CPU
		{7070888A-5DB5-40EB-A549-E6DEA604EC45}.Release|ARM64.ActiveCfg = Release|Any CPU
		{7070888A-5DB5-40EB-A549-E6DEA604EC45}.Release|ARM64.Build.0 = Release|Any CPU
		{7070888A-5DB5-40EB-A549-E6DEA604EC45}.Release|x64.ActiveCfg = Release|Any CPU
		{7070888A-5DB5-40EB-A549-E6DEA604EC45}.Release|x64.Build.0 = Release|Any CPU
		{7070888A-5DB5-40EB-A549-E6DEA604EC45}.Release|x86.ActiveCfg = Release|Any CPU
		{7070888A-5DB5-40EB-A549-E6DEA604EC45}.Release|x86.Build.0 = Release|Any CPU
		{DCA925D0-E6EA-4A6E-9DB6-833FF48BE0B4}.Debug|Any CPU.ActiveCfg = Debug|Any CPU
		{DCA925D0-E6EA-4A6E-9DB6-833FF48BE0B4}.Debug|Any CPU.Build.0 = Debug|Any CPU
		{DCA925D0-E6EA-4A6E-9DB6-833FF48BE0B4}.Debug|ARM.ActiveCfg = Debug|Any CPU
		{DCA925D0-E6EA-4A6E-9DB6-833FF48BE0B4}.Debug|ARM.Build.0 = Debug|Any CPU
		{DCA925D0-E6EA-4A6E-9DB6-833FF48BE0B4}.Debug|ARM64.ActiveCfg = Debug|Any CPU
		{DCA925D0-E6EA-4A6E-9DB6-833FF48BE0B4}.Debug|ARM64.Build.0 = Debug|Any CPU
		{DCA925D0-E6EA-4A6E-9DB6-833FF48BE0B4}.Debug|x64.ActiveCfg = Debug|Any CPU
		{DCA925D0-E6EA-4A6E-9DB6-833FF48BE0B4}.Debug|x64.Build.0 = Debug|Any CPU
		{DCA925D0-E6EA-4A6E-9DB6-833FF48BE0B4}.Debug|x86.ActiveCfg = Debug|Any CPU
		{DCA925D0-E6EA-4A6E-9DB6-833FF48BE0B4}.Debug|x86.Build.0 = Debug|Any CPU
		{DCA925D0-E6EA-4A6E-9DB6-833FF48BE0B4}.Release|Any CPU.ActiveCfg = Release|Any CPU
		{DCA925D0-E6EA-4A6E-9DB6-833FF48BE0B4}.Release|Any CPU.Build.0 = Release|Any CPU
		{DCA925D0-E6EA-4A6E-9DB6-833FF48BE0B4}.Release|ARM.ActiveCfg = Release|Any CPU
		{DCA925D0-E6EA-4A6E-9DB6-833FF48BE0B4}.Release|ARM.Build.0 = Release|Any CPU
		{DCA925D0-E6EA-4A6E-9DB6-833FF48BE0B4}.Release|ARM64.ActiveCfg = Release|Any CPU
		{DCA925D0-E6EA-4A6E-9DB6-833FF48BE0B4}.Release|ARM64.Build.0 = Release|Any CPU
		{DCA925D0-E6EA-4A6E-9DB6-833FF48BE0B4}.Release|x64.ActiveCfg = Release|Any CPU
		{DCA925D0-E6EA-4A6E-9DB6-833FF48BE0B4}.Release|x64.Build.0 = Release|Any CPU
		{DCA925D0-E6EA-4A6E-9DB6-833FF48BE0B4}.Release|x86.ActiveCfg = Release|Any CPU
		{DCA925D0-E6EA-4A6E-9DB6-833FF48BE0B4}.Release|x86.Build.0 = Release|Any CPU
		{D70224D5-4B1D-4B0B-8D4A-6433C606E13B}.Debug|Any CPU.ActiveCfg = Debug|Any CPU
		{D70224D5-4B1D-4B0B-8D4A-6433C606E13B}.Debug|Any CPU.Build.0 = Debug|Any CPU
		{D70224D5-4B1D-4B0B-8D4A-6433C606E13B}.Debug|ARM.ActiveCfg = Debug|Any CPU
		{D70224D5-4B1D-4B0B-8D4A-6433C606E13B}.Debug|ARM.Build.0 = Debug|Any CPU
		{D70224D5-4B1D-4B0B-8D4A-6433C606E13B}.Debug|ARM64.ActiveCfg = Debug|Any CPU
		{D70224D5-4B1D-4B0B-8D4A-6433C606E13B}.Debug|ARM64.Build.0 = Debug|Any CPU
		{D70224D5-4B1D-4B0B-8D4A-6433C606E13B}.Debug|x64.ActiveCfg = Debug|Any CPU
		{D70224D5-4B1D-4B0B-8D4A-6433C606E13B}.Debug|x64.Build.0 = Debug|Any CPU
		{D70224D5-4B1D-4B0B-8D4A-6433C606E13B}.Debug|x86.ActiveCfg = Debug|Any CPU
		{D70224D5-4B1D-4B0B-8D4A-6433C606E13B}.Debug|x86.Build.0 = Debug|Any CPU
		{D70224D5-4B1D-4B0B-8D4A-6433C606E13B}.Release|Any CPU.ActiveCfg = Release|Any CPU
		{D70224D5-4B1D-4B0B-8D4A-6433C606E13B}.Release|Any CPU.Build.0 = Release|Any CPU
		{D70224D5-4B1D-4B0B-8D4A-6433C606E13B}.Release|ARM.ActiveCfg = Release|Any CPU
		{D70224D5-4B1D-4B0B-8D4A-6433C606E13B}.Release|ARM.Build.0 = Release|Any CPU
		{D70224D5-4B1D-4B0B-8D4A-6433C606E13B}.Release|ARM64.ActiveCfg = Release|Any CPU
		{D70224D5-4B1D-4B0B-8D4A-6433C606E13B}.Release|ARM64.Build.0 = Release|Any CPU
		{D70224D5-4B1D-4B0B-8D4A-6433C606E13B}.Release|x64.ActiveCfg = Release|Any CPU
		{D70224D5-4B1D-4B0B-8D4A-6433C606E13B}.Release|x64.Build.0 = Release|Any CPU
		{D70224D5-4B1D-4B0B-8D4A-6433C606E13B}.Release|x86.ActiveCfg = Release|Any CPU
		{D70224D5-4B1D-4B0B-8D4A-6433C606E13B}.Release|x86.Build.0 = Release|Any CPU
		{7B76C2C8-79C0-4F9D-B78C-8D70D135A350}.Debug|Any CPU.ActiveCfg = Debug|Any CPU
		{7B76C2C8-79C0-4F9D-B78C-8D70D135A350}.Debug|Any CPU.Build.0 = Debug|Any CPU
		{7B76C2C8-79C0-4F9D-B78C-8D70D135A350}.Debug|ARM.ActiveCfg = Debug|Any CPU
		{7B76C2C8-79C0-4F9D-B78C-8D70D135A350}.Debug|ARM.Build.0 = Debug|Any CPU
		{7B76C2C8-79C0-4F9D-B78C-8D70D135A350}.Debug|ARM64.ActiveCfg = Debug|Any CPU
		{7B76C2C8-79C0-4F9D-B78C-8D70D135A350}.Debug|ARM64.Build.0 = Debug|Any CPU
		{7B76C2C8-79C0-4F9D-B78C-8D70D135A350}.Debug|x64.ActiveCfg = Debug|Any CPU
		{7B76C2C8-79C0-4F9D-B78C-8D70D135A350}.Debug|x64.Build.0 = Debug|Any CPU
		{7B76C2C8-79C0-4F9D-B78C-8D70D135A350}.Debug|x86.ActiveCfg = Debug|Any CPU
		{7B76C2C8-79C0-4F9D-B78C-8D70D135A350}.Debug|x86.Build.0 = Debug|Any CPU
		{7B76C2C8-79C0-4F9D-B78C-8D70D135A350}.Release|Any CPU.ActiveCfg = Release|Any CPU
		{7B76C2C8-79C0-4F9D-B78C-8D70D135A350}.Release|Any CPU.Build.0 = Release|Any CPU
		{7B76C2C8-79C0-4F9D-B78C-8D70D135A350}.Release|ARM.ActiveCfg = Release|Any CPU
		{7B76C2C8-79C0-4F9D-B78C-8D70D135A350}.Release|ARM.Build.0 = Release|Any CPU
		{7B76C2C8-79C0-4F9D-B78C-8D70D135A350}.Release|ARM64.ActiveCfg = Release|Any CPU
		{7B76C2C8-79C0-4F9D-B78C-8D70D135A350}.Release|ARM64.Build.0 = Release|Any CPU
		{7B76C2C8-79C0-4F9D-B78C-8D70D135A350}.Release|x64.ActiveCfg = Release|Any CPU
		{7B76C2C8-79C0-4F9D-B78C-8D70D135A350}.Release|x64.Build.0 = Release|Any CPU
		{7B76C2C8-79C0-4F9D-B78C-8D70D135A350}.Release|x86.ActiveCfg = Release|Any CPU
		{7B76C2C8-79C0-4F9D-B78C-8D70D135A350}.Release|x86.Build.0 = Release|Any CPU
		{9916AF95-E75D-4829-A2AD-976330F80B4E}.Debug|Any CPU.ActiveCfg = Debug|Any CPU
		{9916AF95-E75D-4829-A2AD-976330F80B4E}.Debug|Any CPU.Build.0 = Debug|Any CPU
		{9916AF95-E75D-4829-A2AD-976330F80B4E}.Debug|ARM.ActiveCfg = Debug|Any CPU
		{9916AF95-E75D-4829-A2AD-976330F80B4E}.Debug|ARM.Build.0 = Debug|Any CPU
		{9916AF95-E75D-4829-A2AD-976330F80B4E}.Debug|ARM64.ActiveCfg = Debug|Any CPU
		{9916AF95-E75D-4829-A2AD-976330F80B4E}.Debug|ARM64.Build.0 = Debug|Any CPU
		{9916AF95-E75D-4829-A2AD-976330F80B4E}.Debug|x64.ActiveCfg = Debug|Any CPU
		{9916AF95-E75D-4829-A2AD-976330F80B4E}.Debug|x64.Build.0 = Debug|Any CPU
		{9916AF95-E75D-4829-A2AD-976330F80B4E}.Debug|x86.ActiveCfg = Debug|Any CPU
		{9916AF95-E75D-4829-A2AD-976330F80B4E}.Debug|x86.Build.0 = Debug|Any CPU
		{9916AF95-E75D-4829-A2AD-976330F80B4E}.Release|Any CPU.ActiveCfg = Release|Any CPU
		{9916AF95-E75D-4829-A2AD-976330F80B4E}.Release|Any CPU.Build.0 = Release|Any CPU
		{9916AF95-E75D-4829-A2AD-976330F80B4E}.Release|ARM.ActiveCfg = Release|Any CPU
		{9916AF95-E75D-4829-A2AD-976330F80B4E}.Release|ARM.Build.0 = Release|Any CPU
		{9916AF95-E75D-4829-A2AD-976330F80B4E}.Release|ARM64.ActiveCfg = Release|Any CPU
		{9916AF95-E75D-4829-A2AD-976330F80B4E}.Release|ARM64.Build.0 = Release|Any CPU
		{9916AF95-E75D-4829-A2AD-976330F80B4E}.Release|x64.ActiveCfg = Release|Any CPU
		{9916AF95-E75D-4829-A2AD-976330F80B4E}.Release|x64.Build.0 = Release|Any CPU
		{9916AF95-E75D-4829-A2AD-976330F80B4E}.Release|x86.ActiveCfg = Release|Any CPU
		{9916AF95-E75D-4829-A2AD-976330F80B4E}.Release|x86.Build.0 = Release|Any CPU
		{BA114379-4F6A-4A38-9408-A5257F0B997C}.Debug|Any CPU.ActiveCfg = Debug|Any CPU
		{BA114379-4F6A-4A38-9408-A5257F0B997C}.Debug|Any CPU.Build.0 = Debug|Any CPU
		{BA114379-4F6A-4A38-9408-A5257F0B997C}.Debug|ARM.ActiveCfg = Debug|Any CPU
		{BA114379-4F6A-4A38-9408-A5257F0B997C}.Debug|ARM.Build.0 = Debug|Any CPU
		{BA114379-4F6A-4A38-9408-A5257F0B997C}.Debug|ARM64.ActiveCfg = Debug|Any CPU
		{BA114379-4F6A-4A38-9408-A5257F0B997C}.Debug|ARM64.Build.0 = Debug|Any CPU
		{BA114379-4F6A-4A38-9408-A5257F0B997C}.Debug|x64.ActiveCfg = Debug|Any CPU
		{BA114379-4F6A-4A38-9408-A5257F0B997C}.Debug|x64.Build.0 = Debug|Any CPU
		{BA114379-4F6A-4A38-9408-A5257F0B997C}.Debug|x86.ActiveCfg = Debug|Any CPU
		{BA114379-4F6A-4A38-9408-A5257F0B997C}.Debug|x86.Build.0 = Debug|Any CPU
		{BA114379-4F6A-4A38-9408-A5257F0B997C}.Release|Any CPU.ActiveCfg = Release|Any CPU
		{BA114379-4F6A-4A38-9408-A5257F0B997C}.Release|Any CPU.Build.0 = Release|Any CPU
		{BA114379-4F6A-4A38-9408-A5257F0B997C}.Release|ARM.ActiveCfg = Release|Any CPU
		{BA114379-4F6A-4A38-9408-A5257F0B997C}.Release|ARM.Build.0 = Release|Any CPU
		{BA114379-4F6A-4A38-9408-A5257F0B997C}.Release|ARM64.ActiveCfg = Release|Any CPU
		{BA114379-4F6A-4A38-9408-A5257F0B997C}.Release|ARM64.Build.0 = Release|Any CPU
		{BA114379-4F6A-4A38-9408-A5257F0B997C}.Release|x64.ActiveCfg = Release|Any CPU
		{BA114379-4F6A-4A38-9408-A5257F0B997C}.Release|x64.Build.0 = Release|Any CPU
		{BA114379-4F6A-4A38-9408-A5257F0B997C}.Release|x86.ActiveCfg = Release|Any CPU
		{BA114379-4F6A-4A38-9408-A5257F0B997C}.Release|x86.Build.0 = Release|Any CPU
		{8C263391-BF64-450C-B4E1-1B42B6C2BE55}.Debug|Any CPU.ActiveCfg = Debug|Any CPU
		{8C263391-BF64-450C-B4E1-1B42B6C2BE55}.Debug|Any CPU.Build.0 = Debug|Any CPU
		{8C263391-BF64-450C-B4E1-1B42B6C2BE55}.Debug|ARM.ActiveCfg = Debug|Any CPU
		{8C263391-BF64-450C-B4E1-1B42B6C2BE55}.Debug|ARM.Build.0 = Debug|Any CPU
		{8C263391-BF64-450C-B4E1-1B42B6C2BE55}.Debug|ARM64.ActiveCfg = Debug|Any CPU
		{8C263391-BF64-450C-B4E1-1B42B6C2BE55}.Debug|ARM64.Build.0 = Debug|Any CPU
		{8C263391-BF64-450C-B4E1-1B42B6C2BE55}.Debug|x64.ActiveCfg = Debug|Any CPU
		{8C263391-BF64-450C-B4E1-1B42B6C2BE55}.Debug|x64.Build.0 = Debug|Any CPU
		{8C263391-BF64-450C-B4E1-1B42B6C2BE55}.Debug|x86.ActiveCfg = Debug|Any CPU
		{8C263391-BF64-450C-B4E1-1B42B6C2BE55}.Debug|x86.Build.0 = Debug|Any CPU
		{8C263391-BF64-450C-B4E1-1B42B6C2BE55}.Release|Any CPU.ActiveCfg = Release|Any CPU
		{8C263391-BF64-450C-B4E1-1B42B6C2BE55}.Release|Any CPU.Build.0 = Release|Any CPU
		{8C263391-BF64-450C-B4E1-1B42B6C2BE55}.Release|ARM.ActiveCfg = Release|Any CPU
		{8C263391-BF64-450C-B4E1-1B42B6C2BE55}.Release|ARM.Build.0 = Release|Any CPU
		{8C263391-BF64-450C-B4E1-1B42B6C2BE55}.Release|ARM64.ActiveCfg = Release|Any CPU
		{8C263391-BF64-450C-B4E1-1B42B6C2BE55}.Release|ARM64.Build.0 = Release|Any CPU
		{8C263391-BF64-450C-B4E1-1B42B6C2BE55}.Release|x64.ActiveCfg = Release|Any CPU
		{8C263391-BF64-450C-B4E1-1B42B6C2BE55}.Release|x64.Build.0 = Release|Any CPU
		{8C263391-BF64-450C-B4E1-1B42B6C2BE55}.Release|x86.ActiveCfg = Release|Any CPU
		{8C263391-BF64-450C-B4E1-1B42B6C2BE55}.Release|x86.Build.0 = Release|Any CPU
		{7DF1674A-474A-477F-8574-C2AC5544299B}.Debug|Any CPU.ActiveCfg = Debug|Any CPU
		{7DF1674A-474A-477F-8574-C2AC5544299B}.Debug|Any CPU.Build.0 = Debug|Any CPU
		{7DF1674A-474A-477F-8574-C2AC5544299B}.Debug|ARM.ActiveCfg = Debug|Any CPU
		{7DF1674A-474A-477F-8574-C2AC5544299B}.Debug|ARM.Build.0 = Debug|Any CPU
		{7DF1674A-474A-477F-8574-C2AC5544299B}.Debug|ARM64.ActiveCfg = Debug|Any CPU
		{7DF1674A-474A-477F-8574-C2AC5544299B}.Debug|ARM64.Build.0 = Debug|Any CPU
		{7DF1674A-474A-477F-8574-C2AC5544299B}.Debug|x64.ActiveCfg = Debug|Any CPU
		{7DF1674A-474A-477F-8574-C2AC5544299B}.Debug|x64.Build.0 = Debug|Any CPU
		{7DF1674A-474A-477F-8574-C2AC5544299B}.Debug|x86.ActiveCfg = Debug|Any CPU
		{7DF1674A-474A-477F-8574-C2AC5544299B}.Debug|x86.Build.0 = Debug|Any CPU
		{7DF1674A-474A-477F-8574-C2AC5544299B}.Release|Any CPU.ActiveCfg = Release|Any CPU
		{7DF1674A-474A-477F-8574-C2AC5544299B}.Release|Any CPU.Build.0 = Release|Any CPU
		{7DF1674A-474A-477F-8574-C2AC5544299B}.Release|ARM.ActiveCfg = Release|Any CPU
		{7DF1674A-474A-477F-8574-C2AC5544299B}.Release|ARM.Build.0 = Release|Any CPU
		{7DF1674A-474A-477F-8574-C2AC5544299B}.Release|ARM64.ActiveCfg = Release|Any CPU
		{7DF1674A-474A-477F-8574-C2AC5544299B}.Release|ARM64.Build.0 = Release|Any CPU
		{7DF1674A-474A-477F-8574-C2AC5544299B}.Release|x64.ActiveCfg = Release|Any CPU
		{7DF1674A-474A-477F-8574-C2AC5544299B}.Release|x64.Build.0 = Release|Any CPU
		{7DF1674A-474A-477F-8574-C2AC5544299B}.Release|x86.ActiveCfg = Release|Any CPU
		{7DF1674A-474A-477F-8574-C2AC5544299B}.Release|x86.Build.0 = Release|Any CPU
	EndGlobalSection
	GlobalSection(SolutionProperties) = preSolution
		HideSolutionNode = FALSE
	EndGlobalSection
	GlobalSection(ExtensibilityGlobals) = postSolution
		SolutionGuid = {DFDBC23C-632A-433B-87E4-F727E5436A91}
	EndGlobalSection
EndGlobal
